// !$*UTF8*$!
{
	archiveVersion = 1;
	classes = {
	};
	objectVersion = 56;
	objects = {

/* Begin PBXBuildFile section */
		061994A32B5416C700DD19EE /* BannerView.swift in Sources */ = {isa = PBXBuildFile; fileRef = 061994A22B5416C700DD19EE /* BannerView.swift */; };
		061994A52B5417B700DD19EE /* RoomModel.swift in Sources */ = {isa = PBXBuildFile; fileRef = 061994A42B5417B700DD19EE /* RoomModel.swift */; };
		061994A82B541D2500DD19EE /* FeedbackViewModifier.swift in Sources */ = {isa = PBXBuildFile; fileRef = 061994A72B541D2500DD19EE /* FeedbackViewModifier.swift */; };
		061994AA2B54240500DD19EE /* Publishers+Aliases.swift in Sources */ = {isa = PBXBuildFile; fileRef = 061994A92B54240500DD19EE /* Publishers+Aliases.swift */; };
		061994AC2B54246D00DD19EE /* FeedbackSystem.swift in Sources */ = {isa = PBXBuildFile; fileRef = 061994AB2B54246D00DD19EE /* FeedbackSystem.swift */; };
		0677245C2B51BBB900E3A41B /* SocketsApp.swift in Sources */ = {isa = PBXBuildFile; fileRef = 0677245B2B51BBB900E3A41B /* SocketsApp.swift */; };
		067724602B51BBBB00E3A41B /* Assets.xcassets in Resources */ = {isa = PBXBuildFile; fileRef = 0677245F2B51BBBB00E3A41B /* Assets.xcassets */; };
		067724642B51BBBB00E3A41B /* Preview Assets.xcassets in Resources */ = {isa = PBXBuildFile; fileRef = 067724632B51BBBB00E3A41B /* Preview Assets.xcassets */; };
		0677247C2B51BD8900E3A41B /* Starscream in Frameworks */ = {isa = PBXBuildFile; productRef = 0677247B2B51BD8900E3A41B /* Starscream */; };
		067724812B51D20A00E3A41B /* Encodable+Dict.swift in Sources */ = {isa = PBXBuildFile; fileRef = 067724802B51D20A00E3A41B /* Encodable+Dict.swift */; };
		067724842B51D25300E3A41B /* MessageModel.swift in Sources */ = {isa = PBXBuildFile; fileRef = 067724832B51D25300E3A41B /* MessageModel.swift */; };
		067724872B51D68000E3A41B /* CryptoSwift in Frameworks */ = {isa = PBXBuildFile; productRef = 067724862B51D68000E3A41B /* CryptoSwift */; };
		067724892B51DA7100E3A41B /* EncryptionService.swift in Sources */ = {isa = PBXBuildFile; fileRef = 067724882B51DA7100E3A41B /* EncryptionService.swift */; };
		0677248C2B51DADD00E3A41B /* ChatSceneView.swift in Sources */ = {isa = PBXBuildFile; fileRef = 0677248B2B51DADD00E3A41B /* ChatSceneView.swift */; };
		0677248E2B51DAFB00E3A41B /* ChatScenePresenter.swift in Sources */ = {isa = PBXBuildFile; fileRef = 0677248D2B51DAFB00E3A41B /* ChatScenePresenter.swift */; };
		067724902B51DB1800E3A41B /* ChatSceneInteractor.swift in Sources */ = {isa = PBXBuildFile; fileRef = 0677248F2B51DB1800E3A41B /* ChatSceneInteractor.swift */; };
		067724922B51DB3700E3A41B /* ChatSceneFactory.swift in Sources */ = {isa = PBXBuildFile; fileRef = 067724912B51DB3700E3A41B /* ChatSceneFactory.swift */; };
		067724942B51DBBB00E3A41B /* ServicesInjector.swift in Sources */ = {isa = PBXBuildFile; fileRef = 067724932B51DBBA00E3A41B /* ServicesInjector.swift */; };
		067724962B51DBE100E3A41B /* SocketsService.swift in Sources */ = {isa = PBXBuildFile; fileRef = 067724952B51DBE100E3A41B /* SocketsService.swift */; };
		067724992B51E0DD00E3A41B /* AppEvents.swift in Sources */ = {isa = PBXBuildFile; fileRef = 067724982B51E0DD00E3A41B /* AppEvents.swift */; };
		0677249C2B51E14600E3A41B /* KeyboardPushedModifier.swift in Sources */ = {isa = PBXBuildFile; fileRef = 0677249B2B51E14600E3A41B /* KeyboardPushedModifier.swift */; };
		067724A52B51E20300E3A41B /* ColorScheme.xcassets in Resources */ = {isa = PBXBuildFile; fileRef = 067724A12B51E20300E3A41B /* ColorScheme.xcassets */; };
		067724A82B51E32800E3A41B /* InputView.swift in Sources */ = {isa = PBXBuildFile; fileRef = 067724A72B51E32800E3A41B /* InputView.swift */; };
		067724AB2B51E7DA00E3A41B /* Icons.swift in Sources */ = {isa = PBXBuildFile; fileRef = 067724A92B51E7DA00E3A41B /* Icons.swift */; };
		067724AC2B51E7DA00E3A41B /* Icons.xcassets in Resources */ = {isa = PBXBuildFile; fileRef = 067724AA2B51E7DA00E3A41B /* Icons.xcassets */; };
		067724AF2B51E86100E3A41B /* BouncingButtonStyle.swift in Sources */ = {isa = PBXBuildFile; fileRef = 067724AE2B51E86100E3A41B /* BouncingButtonStyle.swift */; };
		067724B12B51E89B00E3A41B /* IconCircularAppButton.swift in Sources */ = {isa = PBXBuildFile; fileRef = 067724B02B51E89B00E3A41B /* IconCircularAppButton.swift */; };
		068393FD2B53FE98003A67F8 /* Date+String.swift in Sources */ = {isa = PBXBuildFile; fileRef = 068393FC2B53FE98003A67F8 /* Date+String.swift */; };
		068393FF2B540084003A67F8 /* ChatHeaderView.swift in Sources */ = {isa = PBXBuildFile; fileRef = 068393FE2B540084003A67F8 /* ChatHeaderView.swift */; };
		06863D9A2B5740A0000F55EF /* Factory.swift in Sources */ = {isa = PBXBuildFile; fileRef = 06863D992B5740A0000F55EF /* Factory.swift */; };
		06863D9C2B5740B1000F55EF /* NavigationCoordinator.swift in Sources */ = {isa = PBXBuildFile; fileRef = 06863D9B2B5740B1000F55EF /* NavigationCoordinator.swift */; };
		06863D9F2B5740D4000F55EF /* NavigationWrapperView.swift in Sources */ = {isa = PBXBuildFile; fileRef = 06863D9E2B5740D4000F55EF /* NavigationWrapperView.swift */; };
		06863DA12B574315000F55EF /* AccessSceneRouter.swift in Sources */ = {isa = PBXBuildFile; fileRef = 06863DA02B574315000F55EF /* AccessSceneRouter.swift */; };
		06863DA32B5745DE000F55EF /* RoomsSceneRouter.swift in Sources */ = {isa = PBXBuildFile; fileRef = 06863DA22B5745DE000F55EF /* RoomsSceneRouter.swift */; };
		06863DA52B574709000F55EF /* ChatSceneRouter.swift in Sources */ = {isa = PBXBuildFile; fileRef = 06863DA42B574709000F55EF /* ChatSceneRouter.swift */; };
		06890F532B59B99A005FE523 /* CreateRoomAlertView.swift in Sources */ = {isa = PBXBuildFile; fileRef = 06890F522B59B99A005FE523 /* CreateRoomAlertView.swift */; };
		06890F562B59BAFA005FE523 /* AnimatedBorderView.swift in Sources */ = {isa = PBXBuildFile; fileRef = 06890F552B59BAFA005FE523 /* AnimatedBorderView.swift */; };
		06890F582B59BD11005FE523 /* LogoutAlertView.swift in Sources */ = {isa = PBXBuildFile; fileRef = 06890F572B59BD11005FE523 /* LogoutAlertView.swift */; };
		068983FA2B55D67B007C8CA7 /* RoomsSceneView.swift in Sources */ = {isa = PBXBuildFile; fileRef = 068983F92B55D67B007C8CA7 /* RoomsSceneView.swift */; };
		068983FC2B55D6AD007C8CA7 /* RoomsScenePresenter.swift in Sources */ = {isa = PBXBuildFile; fileRef = 068983FB2B55D6AC007C8CA7 /* RoomsScenePresenter.swift */; };
		068983FE2B55D6F0007C8CA7 /* RoomsSceneFactory.swift in Sources */ = {isa = PBXBuildFile; fileRef = 068983FD2B55D6F0007C8CA7 /* RoomsSceneFactory.swift */; };
		068984012B55DB4B007C8CA7 /* DistributorProtocol.swift in Sources */ = {isa = PBXBuildFile; fileRef = 068984002B55DB4B007C8CA7 /* DistributorProtocol.swift */; };
		068984032B55DB62007C8CA7 /* HiveDistributor.swift in Sources */ = {isa = PBXBuildFile; fileRef = 068984022B55DB62007C8CA7 /* HiveDistributor.swift */; };
		068984052B55DBDA007C8CA7 /* HiveView.swift in Sources */ = {isa = PBXBuildFile; fileRef = 068984042B55DBDA007C8CA7 /* HiveView.swift */; };
		068984082B55DC33007C8CA7 /* RoomCellView.swift in Sources */ = {isa = PBXBuildFile; fileRef = 068984072B55DC33007C8CA7 /* RoomCellView.swift */; };
		06B419F52B52B0B800211751 /* AccessSceneView.swift in Sources */ = {isa = PBXBuildFile; fileRef = 06B419F42B52B0B800211751 /* AccessSceneView.swift */; };
		06B419F72B52B16A00211751 /* AccessScenePresenter.swift in Sources */ = {isa = PBXBuildFile; fileRef = 06B419F62B52B16A00211751 /* AccessScenePresenter.swift */; };
		06B419F92B52B17300211751 /* AccessSceneInteractor.swift in Sources */ = {isa = PBXBuildFile; fileRef = 06B419F82B52B17300211751 /* AccessSceneInteractor.swift */; };
		06B419FB2B52B18200211751 /* AccessSceneFactory.swift in Sources */ = {isa = PBXBuildFile; fileRef = 06B419FA2B52B18200211751 /* AccessSceneFactory.swift */; };
		06B419FE2B52B2FB00211751 /* StorageService.swift in Sources */ = {isa = PBXBuildFile; fileRef = 06B419FD2B52B2FB00211751 /* StorageService.swift */; };
		06B41A002B52B55000211751 /* Localizables.swift in Sources */ = {isa = PBXBuildFile; fileRef = 06B419FF2B52B55000211751 /* Localizables.swift */; };
		06B41A062B52B7BB00211751 /* Localizables.strings in Resources */ = {isa = PBXBuildFile; fileRef = 06B41A082B52B7BB00211751 /* Localizables.strings */; };
		06B41A0B2B52B87100211751 /* LogoView.swift in Sources */ = {isa = PBXBuildFile; fileRef = 06B41A0A2B52B87100211751 /* LogoView.swift */; };
		06B41A0E2B52B89700211751 /* NgonShape.swift in Sources */ = {isa = PBXBuildFile; fileRef = 06B41A0D2B52B89700211751 /* NgonShape.swift */; };
		06B41A112B52B8CC00211751 /* CoreGraphics+Operators.swift in Sources */ = {isa = PBXBuildFile; fileRef = 06B41A102B52B8CC00211751 /* CoreGraphics+Operators.swift */; };
		06B41A132B52BB3800211751 /* CoreGraphics+Init.swift in Sources */ = {isa = PBXBuildFile; fileRef = 06B41A122B52BB3800211751 /* CoreGraphics+Init.swift */; };
		06B41A162B52BB6800211751 /* View+Frame.swift in Sources */ = {isa = PBXBuildFile; fileRef = 06B41A152B52BB6800211751 /* View+Frame.swift */; };
		06B41A1A2B52F15E00211751 /* Fonts.swift in Sources */ = {isa = PBXBuildFile; fileRef = 06B41A172B52F15E00211751 /* Fonts.swift */; };
		06B41A1B2B52F15E00211751 /* Montserrat.ttf in Resources */ = {isa = PBXBuildFile; fileRef = 06B41A192B52F15E00211751 /* Montserrat.ttf */; };
		06B41A1E2B52F18B00211751 /* TextStyle.swift in Sources */ = {isa = PBXBuildFile; fileRef = 06B41A1D2B52F18B00211751 /* TextStyle.swift */; };
		06B41A202B52F1C900211751 /* View+TextStyle.swift in Sources */ = {isa = PBXBuildFile; fileRef = 06B41A1F2B52F1C900211751 /* View+TextStyle.swift */; };
		06B41A222B52F3DF00211751 /* FieldView.swift in Sources */ = {isa = PBXBuildFile; fileRef = 06B41A212B52F3DF00211751 /* FieldView.swift */; };
		06B41A242B52FAA800211751 /* AppButton.swift in Sources */ = {isa = PBXBuildFile; fileRef = 06B41A232B52FAA800211751 /* AppButton.swift */; };
		06B41A272B52FE4E00211751 /* KeychainSwift in Frameworks */ = {isa = PBXBuildFile; productRef = 06B41A262B52FE4E00211751 /* KeychainSwift */; };
		06B41A292B52FE9900211751 /* SessionModel.swift in Sources */ = {isa = PBXBuildFile; fileRef = 06B41A282B52FE9900211751 /* SessionModel.swift */; };
		06B41A2B2B530AEA00211751 /* MessageView.swift in Sources */ = {isa = PBXBuildFile; fileRef = 06B41A2A2B530AEA00211751 /* MessageView.swift */; };
		06B41A2E2B530CBE00211751 /* Array+Subscript.swift in Sources */ = {isa = PBXBuildFile; fileRef = 06B41A2D2B530CBE00211751 /* Array+Subscript.swift */; };
		06B41A322B53145600211751 /* String+Number.swift in Sources */ = {isa = PBXBuildFile; fileRef = 06B41A312B53145600211751 /* String+Number.swift */; };
		06B41A362B5314D000211751 /* StringExtensionsTests.swift in Sources */ = {isa = PBXBuildFile; fileRef = 06B41A352B5314D000211751 /* StringExtensionsTests.swift */; };
		06B41A392B53169E00211751 /* UIConstants.swift in Sources */ = {isa = PBXBuildFile; fileRef = 06B41A382B53169E00211751 /* UIConstants.swift */; };
		06B41A3C2B5320A100211751 /* CacheAsyncImage.swift in Sources */ = {isa = PBXBuildFile; fileRef = 06B41A3B2B5320A100211751 /* CacheAsyncImage.swift */; };
		06B41A3E2B5320D300211751 /* GravatarView.swift in Sources */ = {isa = PBXBuildFile; fileRef = 06B41A3D2B5320D300211751 /* GravatarView.swift */; };
		06C713142B5200D800FE2715 /* Callbacks+Aliases.swift in Sources */ = {isa = PBXBuildFile; fileRef = 06C713132B5200D800FE2715 /* Callbacks+Aliases.swift */; };
		06C713272B52083400FE2715 /* EncryptionTests.swift in Sources */ = {isa = PBXBuildFile; fileRef = 06C713262B52083400FE2715 /* EncryptionTests.swift */; };
/* End PBXBuildFile section */

/* Begin PBXContainerItemProxy section */
		06C7131D2B5207F900FE2715 /* PBXContainerItemProxy */ = {
			isa = PBXContainerItemProxy;
			containerPortal = 067724502B51BBB900E3A41B /* Project object */;
			proxyType = 1;
			remoteGlobalIDString = 067724572B51BBB900E3A41B;
			remoteInfo = Sockets;
		};
/* End PBXContainerItemProxy section */

/* Begin PBXFileReference section */
		061994A22B5416C700DD19EE /* BannerView.swift */ = {isa = PBXFileReference; lastKnownFileType = sourcecode.swift; path = BannerView.swift; sourceTree = "<group>"; };
		061994A42B5417B700DD19EE /* RoomModel.swift */ = {isa = PBXFileReference; lastKnownFileType = sourcecode.swift; path = RoomModel.swift; sourceTree = "<group>"; };
		061994A72B541D2500DD19EE /* FeedbackViewModifier.swift */ = {isa = PBXFileReference; lastKnownFileType = sourcecode.swift; path = FeedbackViewModifier.swift; sourceTree = "<group>"; };
		061994A92B54240500DD19EE /* Publishers+Aliases.swift */ = {isa = PBXFileReference; lastKnownFileType = sourcecode.swift; path = "Publishers+Aliases.swift"; sourceTree = "<group>"; };
		061994AB2B54246D00DD19EE /* FeedbackSystem.swift */ = {isa = PBXFileReference; lastKnownFileType = sourcecode.swift; path = FeedbackSystem.swift; sourceTree = "<group>"; };
		067724582B51BBB900E3A41B /* Sockets.app */ = {isa = PBXFileReference; explicitFileType = wrapper.application; includeInIndex = 0; path = Sockets.app; sourceTree = BUILT_PRODUCTS_DIR; };
		0677245B2B51BBB900E3A41B /* SocketsApp.swift */ = {isa = PBXFileReference; lastKnownFileType = sourcecode.swift; path = SocketsApp.swift; sourceTree = "<group>"; };
		0677245F2B51BBBB00E3A41B /* Assets.xcassets */ = {isa = PBXFileReference; lastKnownFileType = folder.assetcatalog; path = Assets.xcassets; sourceTree = "<group>"; };
		067724612B51BBBB00E3A41B /* Sockets.entitlements */ = {isa = PBXFileReference; lastKnownFileType = text.plist.entitlements; path = Sockets.entitlements; sourceTree = "<group>"; };
		067724632B51BBBB00E3A41B /* Preview Assets.xcassets */ = {isa = PBXFileReference; lastKnownFileType = folder.assetcatalog; path = "Preview Assets.xcassets"; sourceTree = "<group>"; };
		067724802B51D20A00E3A41B /* Encodable+Dict.swift */ = {isa = PBXFileReference; lastKnownFileType = sourcecode.swift; path = "Encodable+Dict.swift"; sourceTree = "<group>"; };
		067724832B51D25300E3A41B /* MessageModel.swift */ = {isa = PBXFileReference; lastKnownFileType = sourcecode.swift; path = MessageModel.swift; sourceTree = "<group>"; };
		067724882B51DA7100E3A41B /* EncryptionService.swift */ = {isa = PBXFileReference; lastKnownFileType = sourcecode.swift; path = EncryptionService.swift; sourceTree = "<group>"; };
		0677248B2B51DADD00E3A41B /* ChatSceneView.swift */ = {isa = PBXFileReference; lastKnownFileType = sourcecode.swift; path = ChatSceneView.swift; sourceTree = "<group>"; };
		0677248D2B51DAFB00E3A41B /* ChatScenePresenter.swift */ = {isa = PBXFileReference; lastKnownFileType = sourcecode.swift; path = ChatScenePresenter.swift; sourceTree = "<group>"; };
		0677248F2B51DB1800E3A41B /* ChatSceneInteractor.swift */ = {isa = PBXFileReference; lastKnownFileType = sourcecode.swift; path = ChatSceneInteractor.swift; sourceTree = "<group>"; };
		067724912B51DB3700E3A41B /* ChatSceneFactory.swift */ = {isa = PBXFileReference; lastKnownFileType = sourcecode.swift; path = ChatSceneFactory.swift; sourceTree = "<group>"; };
		067724932B51DBBA00E3A41B /* ServicesInjector.swift */ = {isa = PBXFileReference; lastKnownFileType = sourcecode.swift; path = ServicesInjector.swift; sourceTree = "<group>"; };
		067724952B51DBE100E3A41B /* SocketsService.swift */ = {isa = PBXFileReference; lastKnownFileType = sourcecode.swift; path = SocketsService.swift; sourceTree = "<group>"; };
		067724982B51E0DD00E3A41B /* AppEvents.swift */ = {isa = PBXFileReference; lastKnownFileType = sourcecode.swift; path = AppEvents.swift; sourceTree = "<group>"; };
		0677249B2B51E14600E3A41B /* KeyboardPushedModifier.swift */ = {isa = PBXFileReference; lastKnownFileType = sourcecode.swift; path = KeyboardPushedModifier.swift; sourceTree = "<group>"; };
		067724A12B51E20300E3A41B /* ColorScheme.xcassets */ = {isa = PBXFileReference; lastKnownFileType = folder.assetcatalog; path = ColorScheme.xcassets; sourceTree = "<group>"; };
		067724A72B51E32800E3A41B /* InputView.swift */ = {isa = PBXFileReference; lastKnownFileType = sourcecode.swift; path = InputView.swift; sourceTree = "<group>"; };
		067724A92B51E7DA00E3A41B /* Icons.swift */ = {isa = PBXFileReference; fileEncoding = 4; lastKnownFileType = sourcecode.swift; path = Icons.swift; sourceTree = "<group>"; };
		067724AA2B51E7DA00E3A41B /* Icons.xcassets */ = {isa = PBXFileReference; lastKnownFileType = folder.assetcatalog; path = Icons.xcassets; sourceTree = "<group>"; };
		067724AE2B51E86100E3A41B /* BouncingButtonStyle.swift */ = {isa = PBXFileReference; lastKnownFileType = sourcecode.swift; path = BouncingButtonStyle.swift; sourceTree = "<group>"; };
		067724B02B51E89B00E3A41B /* IconCircularAppButton.swift */ = {isa = PBXFileReference; lastKnownFileType = sourcecode.swift; path = IconCircularAppButton.swift; sourceTree = "<group>"; };
		068393FC2B53FE98003A67F8 /* Date+String.swift */ = {isa = PBXFileReference; lastKnownFileType = sourcecode.swift; path = "Date+String.swift"; sourceTree = "<group>"; };
		068393FE2B540084003A67F8 /* ChatHeaderView.swift */ = {isa = PBXFileReference; lastKnownFileType = sourcecode.swift; path = ChatHeaderView.swift; sourceTree = "<group>"; };
		06863D992B5740A0000F55EF /* Factory.swift */ = {isa = PBXFileReference; lastKnownFileType = sourcecode.swift; path = Factory.swift; sourceTree = "<group>"; };
		06863D9B2B5740B1000F55EF /* NavigationCoordinator.swift */ = {isa = PBXFileReference; lastKnownFileType = sourcecode.swift; path = NavigationCoordinator.swift; sourceTree = "<group>"; };
		06863D9E2B5740D4000F55EF /* NavigationWrapperView.swift */ = {isa = PBXFileReference; lastKnownFileType = sourcecode.swift; path = NavigationWrapperView.swift; sourceTree = "<group>"; };
		06863DA02B574315000F55EF /* AccessSceneRouter.swift */ = {isa = PBXFileReference; lastKnownFileType = sourcecode.swift; path = AccessSceneRouter.swift; sourceTree = "<group>"; };
		06863DA22B5745DE000F55EF /* RoomsSceneRouter.swift */ = {isa = PBXFileReference; lastKnownFileType = sourcecode.swift; path = RoomsSceneRouter.swift; sourceTree = "<group>"; };
		06863DA42B574709000F55EF /* ChatSceneRouter.swift */ = {isa = PBXFileReference; lastKnownFileType = sourcecode.swift; path = ChatSceneRouter.swift; sourceTree = "<group>"; };
		06890F522B59B99A005FE523 /* CreateRoomAlertView.swift */ = {isa = PBXFileReference; lastKnownFileType = sourcecode.swift; path = CreateRoomAlertView.swift; sourceTree = "<group>"; };
		06890F552B59BAFA005FE523 /* AnimatedBorderView.swift */ = {isa = PBXFileReference; lastKnownFileType = sourcecode.swift; path = AnimatedBorderView.swift; sourceTree = "<group>"; };
		06890F572B59BD11005FE523 /* LogoutAlertView.swift */ = {isa = PBXFileReference; lastKnownFileType = sourcecode.swift; path = LogoutAlertView.swift; sourceTree = "<group>"; };
		068983F92B55D67B007C8CA7 /* RoomsSceneView.swift */ = {isa = PBXFileReference; lastKnownFileType = sourcecode.swift; path = RoomsSceneView.swift; sourceTree = "<group>"; };
		068983FB2B55D6AC007C8CA7 /* RoomsScenePresenter.swift */ = {isa = PBXFileReference; lastKnownFileType = sourcecode.swift; path = RoomsScenePresenter.swift; sourceTree = "<group>"; };
		068983FD2B55D6F0007C8CA7 /* RoomsSceneFactory.swift */ = {isa = PBXFileReference; lastKnownFileType = sourcecode.swift; path = RoomsSceneFactory.swift; sourceTree = "<group>"; };
		068984002B55DB4B007C8CA7 /* DistributorProtocol.swift */ = {isa = PBXFileReference; lastKnownFileType = sourcecode.swift; path = DistributorProtocol.swift; sourceTree = "<group>"; };
		068984022B55DB62007C8CA7 /* HiveDistributor.swift */ = {isa = PBXFileReference; lastKnownFileType = sourcecode.swift; path = HiveDistributor.swift; sourceTree = "<group>"; };
		068984042B55DBDA007C8CA7 /* HiveView.swift */ = {isa = PBXFileReference; lastKnownFileType = sourcecode.swift; path = HiveView.swift; sourceTree = "<group>"; };
		068984072B55DC33007C8CA7 /* RoomCellView.swift */ = {isa = PBXFileReference; lastKnownFileType = sourcecode.swift; path = RoomCellView.swift; sourceTree = "<group>"; };
		06B419F42B52B0B800211751 /* AccessSceneView.swift */ = {isa = PBXFileReference; lastKnownFileType = sourcecode.swift; path = AccessSceneView.swift; sourceTree = "<group>"; };
		06B419F62B52B16A00211751 /* AccessScenePresenter.swift */ = {isa = PBXFileReference; lastKnownFileType = sourcecode.swift; path = AccessScenePresenter.swift; sourceTree = "<group>"; };
		06B419F82B52B17300211751 /* AccessSceneInteractor.swift */ = {isa = PBXFileReference; lastKnownFileType = sourcecode.swift; path = AccessSceneInteractor.swift; sourceTree = "<group>"; };
		06B419FA2B52B18200211751 /* AccessSceneFactory.swift */ = {isa = PBXFileReference; lastKnownFileType = sourcecode.swift; path = AccessSceneFactory.swift; sourceTree = "<group>"; };
		06B419FD2B52B2FB00211751 /* StorageService.swift */ = {isa = PBXFileReference; lastKnownFileType = sourcecode.swift; path = StorageService.swift; sourceTree = "<group>"; };
		06B419FF2B52B55000211751 /* Localizables.swift */ = {isa = PBXFileReference; lastKnownFileType = sourcecode.swift; path = Localizables.swift; sourceTree = "<group>"; };
		06B41A072B52B7BB00211751 /* en */ = {isa = PBXFileReference; lastKnownFileType = text.plist.strings; name = en; path = en.lproj/Localizables.strings; sourceTree = "<group>"; };
		06B41A0A2B52B87100211751 /* LogoView.swift */ = {isa = PBXFileReference; lastKnownFileType = sourcecode.swift; path = LogoView.swift; sourceTree = "<group>"; };
		06B41A0D2B52B89700211751 /* NgonShape.swift */ = {isa = PBXFileReference; lastKnownFileType = sourcecode.swift; path = NgonShape.swift; sourceTree = "<group>"; };
		06B41A102B52B8CC00211751 /* CoreGraphics+Operators.swift */ = {isa = PBXFileReference; lastKnownFileType = sourcecode.swift; path = "CoreGraphics+Operators.swift"; sourceTree = "<group>"; };
		06B41A122B52BB3800211751 /* CoreGraphics+Init.swift */ = {isa = PBXFileReference; lastKnownFileType = sourcecode.swift; path = "CoreGraphics+Init.swift"; sourceTree = "<group>"; };
		06B41A152B52BB6800211751 /* View+Frame.swift */ = {isa = PBXFileReference; lastKnownFileType = sourcecode.swift; path = "View+Frame.swift"; sourceTree = "<group>"; };
		06B41A172B52F15E00211751 /* Fonts.swift */ = {isa = PBXFileReference; fileEncoding = 4; lastKnownFileType = sourcecode.swift; path = Fonts.swift; sourceTree = "<group>"; };
		06B41A192B52F15E00211751 /* Montserrat.ttf */ = {isa = PBXFileReference; lastKnownFileType = file; path = Montserrat.ttf; sourceTree = "<group>"; };
		06B41A1D2B52F18B00211751 /* TextStyle.swift */ = {isa = PBXFileReference; lastKnownFileType = sourcecode.swift; path = TextStyle.swift; sourceTree = "<group>"; };
		06B41A1F2B52F1C900211751 /* View+TextStyle.swift */ = {isa = PBXFileReference; lastKnownFileType = sourcecode.swift; path = "View+TextStyle.swift"; sourceTree = "<group>"; };
		06B41A212B52F3DF00211751 /* FieldView.swift */ = {isa = PBXFileReference; lastKnownFileType = sourcecode.swift; path = FieldView.swift; sourceTree = "<group>"; };
		06B41A232B52FAA800211751 /* AppButton.swift */ = {isa = PBXFileReference; lastKnownFileType = sourcecode.swift; path = AppButton.swift; sourceTree = "<group>"; };
		06B41A282B52FE9900211751 /* SessionModel.swift */ = {isa = PBXFileReference; lastKnownFileType = sourcecode.swift; path = SessionModel.swift; sourceTree = "<group>"; };
		06B41A2A2B530AEA00211751 /* MessageView.swift */ = {isa = PBXFileReference; lastKnownFileType = sourcecode.swift; path = MessageView.swift; sourceTree = "<group>"; };
		06B41A2D2B530CBE00211751 /* Array+Subscript.swift */ = {isa = PBXFileReference; lastKnownFileType = sourcecode.swift; path = "Array+Subscript.swift"; sourceTree = "<group>"; };
		06B41A2F2B53139700211751 /* Info.plist */ = {isa = PBXFileReference; lastKnownFileType = text.plist; path = Info.plist; sourceTree = "<group>"; };
		06B41A312B53145600211751 /* String+Number.swift */ = {isa = PBXFileReference; lastKnownFileType = sourcecode.swift; path = "String+Number.swift"; sourceTree = "<group>"; };
		06B41A352B5314D000211751 /* StringExtensionsTests.swift */ = {isa = PBXFileReference; lastKnownFileType = sourcecode.swift; path = StringExtensionsTests.swift; sourceTree = "<group>"; };
		06B41A382B53169E00211751 /* UIConstants.swift */ = {isa = PBXFileReference; lastKnownFileType = sourcecode.swift; path = UIConstants.swift; sourceTree = "<group>"; };
		06B41A3B2B5320A100211751 /* CacheAsyncImage.swift */ = {isa = PBXFileReference; lastKnownFileType = sourcecode.swift; path = CacheAsyncImage.swift; sourceTree = "<group>"; };
		06B41A3D2B5320D300211751 /* GravatarView.swift */ = {isa = PBXFileReference; lastKnownFileType = sourcecode.swift; path = GravatarView.swift; sourceTree = "<group>"; };
		06C713132B5200D800FE2715 /* Callbacks+Aliases.swift */ = {isa = PBXFileReference; lastKnownFileType = sourcecode.swift; path = "Callbacks+Aliases.swift"; sourceTree = "<group>"; };
		06C713192B5207F900FE2715 /* SocketsTests.xctest */ = {isa = PBXFileReference; explicitFileType = wrapper.cfbundle; includeInIndex = 0; path = SocketsTests.xctest; sourceTree = BUILT_PRODUCTS_DIR; };
		06C713262B52083400FE2715 /* EncryptionTests.swift */ = {isa = PBXFileReference; lastKnownFileType = sourcecode.swift; path = EncryptionTests.swift; sourceTree = "<group>"; };
/* End PBXFileReference section */

/* Begin PBXFrameworksBuildPhase section */
		067724552B51BBB900E3A41B /* Frameworks */ = {
			isa = PBXFrameworksBuildPhase;
			buildActionMask = 2147483647;
			files = (
				06B41A272B52FE4E00211751 /* KeychainSwift in Frameworks */,
				0677247C2B51BD8900E3A41B /* Starscream in Frameworks */,
				067724872B51D68000E3A41B /* CryptoSwift in Frameworks */,
			);
			runOnlyForDeploymentPostprocessing = 0;
		};
		06C713162B5207F900FE2715 /* Frameworks */ = {
			isa = PBXFrameworksBuildPhase;
			buildActionMask = 2147483647;
			files = (
			);
			runOnlyForDeploymentPostprocessing = 0;
		};
/* End PBXFrameworksBuildPhase section */

/* Begin PBXGroup section */
		061994A62B541D1800DD19EE /* feedback */ = {
			isa = PBXGroup;
			children = (
				06890F512B59B990005FE523 /* alerts */,
				061994A72B541D2500DD19EE /* FeedbackViewModifier.swift */,
				061994AB2B54246D00DD19EE /* FeedbackSystem.swift */,
			);
			path = feedback;
			sourceTree = "<group>";
		};
		0677244F2B51BBB900E3A41B = {
			isa = PBXGroup;
			children = (
				0677245A2B51BBB900E3A41B /* Sockets */,
				06C7131A2B5207F900FE2715 /* SocketsTests */,
				067724592B51BBB900E3A41B /* Products */,
			);
			sourceTree = "<group>";
		};
		067724592B51BBB900E3A41B /* Products */ = {
			isa = PBXGroup;
			children = (
				067724582B51BBB900E3A41B /* Sockets.app */,
				06C713192B5207F900FE2715 /* SocketsTests.xctest */,
			);
			name = Products;
			sourceTree = "<group>";
		};
		0677245A2B51BBB900E3A41B /* Sockets */ = {
			isa = PBXGroup;
			children = (
				06B41A2F2B53139700211751 /* Info.plist */,
				0677246A2B51BC4C00E3A41B /* res */,
				0677246F2B51BC4C00E3A41B /* src */,
				0677245F2B51BBBB00E3A41B /* Assets.xcassets */,
				067724612B51BBBB00E3A41B /* Sockets.entitlements */,
				067724622B51BBBB00E3A41B /* Preview Content */,
			);
			path = Sockets;
			sourceTree = "<group>";
		};
		067724622B51BBBB00E3A41B /* Preview Content */ = {
			isa = PBXGroup;
			children = (
				067724632B51BBBB00E3A41B /* Preview Assets.xcassets */,
			);
			path = "Preview Content";
			sourceTree = "<group>";
		};
		0677246A2B51BC4C00E3A41B /* res */ = {
			isa = PBXGroup;
			children = (
				0677249D2B51E20300E3A41B /* colors */,
				0677246B2B51BC4C00E3A41B /* localizables */,
				0677246D2B51BC4C00E3A41B /* icons */,
				0677246E2B51BC4C00E3A41B /* fonts */,
			);
			path = res;
			sourceTree = "<group>";
		};
		0677246B2B51BC4C00E3A41B /* localizables */ = {
			isa = PBXGroup;
			children = (
				06B419FF2B52B55000211751 /* Localizables.swift */,
				06B41A082B52B7BB00211751 /* Localizables.strings */,
			);
			path = localizables;
			sourceTree = "<group>";
		};
		0677246D2B51BC4C00E3A41B /* icons */ = {
			isa = PBXGroup;
			children = (
				067724A92B51E7DA00E3A41B /* Icons.swift */,
				067724AA2B51E7DA00E3A41B /* Icons.xcassets */,
			);
			path = icons;
			sourceTree = "<group>";
		};
		0677246E2B51BC4C00E3A41B /* fonts */ = {
			isa = PBXGroup;
			children = (
				06B41A172B52F15E00211751 /* Fonts.swift */,
				06B41A182B52F15E00211751 /* montserrat */,
			);
			path = fonts;
			sourceTree = "<group>";
		};
		0677246F2B51BC4C00E3A41B /* src */ = {
			isa = PBXGroup;
			children = (
				067724702B51BC4C00E3A41B /* ui */,
				067724742B51BC4C00E3A41B /* core */,
			);
			path = src;
			sourceTree = "<group>";
		};
		067724702B51BC4C00E3A41B /* ui */ = {
			isa = PBXGroup;
			children = (
				0677245B2B51BBB900E3A41B /* SocketsApp.swift */,
				06863D982B57408B000F55EF /* navigation */,
				068983FF2B55DB36007C8CA7 /* distributor */,
				06B41A0C2B52B88900211751 /* shapes */,
				067724712B51BC4C00E3A41B /* scenes */,
				067724722B51BC4C00E3A41B /* modifiers */,
				067724732B51BC4C00E3A41B /* views */,
			);
			path = ui;
			sourceTree = "<group>";
		};
		067724712B51BC4C00E3A41B /* scenes */ = {
			isa = PBXGroup;
			children = (
				06B419F32B52B0AC00211751 /* access */,
				068983F82B55D63B007C8CA7 /* rooms */,
				0677248A2B51DAD000E3A41B /* chat */,
			);
			path = scenes;
			sourceTree = "<group>";
		};
		067724722B51BC4C00E3A41B /* modifiers */ = {
			isa = PBXGroup;
			children = (
				0677249A2B51E13800E3A41B /* keyboard */,
			);
			path = modifiers;
			sourceTree = "<group>";
		};
		067724732B51BC4C00E3A41B /* views */ = {
			isa = PBXGroup;
			children = (
				06890F542B59BAEE005FE523 /* generic */,
				06B41A3A2B53209700211751 /* images */,
				067724AD2B51E84B00E3A41B /* buttons */,
			);
			path = views;
			sourceTree = "<group>";
		};
		067724742B51BC4C00E3A41B /* core */ = {
			isa = PBXGroup;
			children = (
				067724752B51BC4C00E3A41B /* network */,
				067724762B51BC4C00E3A41B /* utils */,
				067724782B51BC4C00E3A41B /* extensions */,
				067724792B51BC4C00E3A41B /* model */,
			);
			path = core;
			sourceTree = "<group>";
		};
		067724752B51BC4C00E3A41B /* network */ = {
			isa = PBXGroup;
			children = (
			);
			path = network;
			sourceTree = "<group>";
		};
		067724762B51BC4C00E3A41B /* utils */ = {
			isa = PBXGroup;
			children = (
				061994A62B541D1800DD19EE /* feedback */,
				06B41A372B53169400211751 /* constants */,
				06B41A1C2B52F17B00211751 /* enums */,
				06C713122B5200CC00FE2715 /* aliases */,
				067724972B51E0D200E3A41B /* events */,
				067724772B51BC4C00E3A41B /* services */,
			);
			path = utils;
			sourceTree = "<group>";
		};
		067724772B51BC4C00E3A41B /* services */ = {
			isa = PBXGroup;
			children = (
				06B419FC2B52B2EB00211751 /* storage */,
				0677247E2B51D16C00E3A41B /* sockets */,
				0677247D2B51D16500E3A41B /* encryption */,
				067724932B51DBBA00E3A41B /* ServicesInjector.swift */,
			);
			path = services;
			sourceTree = "<group>";
		};
		067724782B51BC4C00E3A41B /* extensions */ = {
			isa = PBXGroup;
			children = (
				068393FB2B53FE8E003A67F8 /* date */,
				06B41A302B53144C00211751 /* string */,
				06B41A2C2B530CB300211751 /* array */,
				06B41A142B52BB5800211751 /* view */,
				06B41A0F2B52B8AC00211751 /* graphics */,
				0677247F2B51D1FE00E3A41B /* codable */,
			);
			path = extensions;
			sourceTree = "<group>";
		};
		067724792B51BC4C00E3A41B /* model */ = {
			isa = PBXGroup;
			children = (
				067724822B51D24600E3A41B /* messages */,
			);
			path = model;
			sourceTree = "<group>";
		};
		0677247D2B51D16500E3A41B /* encryption */ = {
			isa = PBXGroup;
			children = (
				067724882B51DA7100E3A41B /* EncryptionService.swift */,
			);
			path = encryption;
			sourceTree = "<group>";
		};
		0677247E2B51D16C00E3A41B /* sockets */ = {
			isa = PBXGroup;
			children = (
				067724952B51DBE100E3A41B /* SocketsService.swift */,
			);
			path = sockets;
			sourceTree = "<group>";
		};
		0677247F2B51D1FE00E3A41B /* codable */ = {
			isa = PBXGroup;
			children = (
				067724802B51D20A00E3A41B /* Encodable+Dict.swift */,
			);
			path = codable;
			sourceTree = "<group>";
		};
		067724822B51D24600E3A41B /* messages */ = {
			isa = PBXGroup;
			children = (
				067724832B51D25300E3A41B /* MessageModel.swift */,
				06B41A282B52FE9900211751 /* SessionModel.swift */,
				061994A42B5417B700DD19EE /* RoomModel.swift */,
			);
			path = messages;
			sourceTree = "<group>";
		};
		0677248A2B51DAD000E3A41B /* chat */ = {
			isa = PBXGroup;
			children = (
				067724A62B51E31600E3A41B /* subViews */,
				0677248B2B51DADD00E3A41B /* ChatSceneView.swift */,
				0677248F2B51DB1800E3A41B /* ChatSceneInteractor.swift */,
				0677248D2B51DAFB00E3A41B /* ChatScenePresenter.swift */,
				06863DA42B574709000F55EF /* ChatSceneRouter.swift */,
				067724912B51DB3700E3A41B /* ChatSceneFactory.swift */,
			);
			path = chat;
			sourceTree = "<group>";
		};
		067724972B51E0D200E3A41B /* events */ = {
			isa = PBXGroup;
			children = (
				067724982B51E0DD00E3A41B /* AppEvents.swift */,
			);
			path = events;
			sourceTree = "<group>";
		};
		0677249A2B51E13800E3A41B /* keyboard */ = {
			isa = PBXGroup;
			children = (
				0677249B2B51E14600E3A41B /* KeyboardPushedModifier.swift */,
			);
			path = keyboard;
			sourceTree = "<group>";
		};
		0677249D2B51E20300E3A41B /* colors */ = {
			isa = PBXGroup;
			children = (
				067724A12B51E20300E3A41B /* ColorScheme.xcassets */,
			);
			path = colors;
			sourceTree = "<group>";
		};
		067724A62B51E31600E3A41B /* subViews */ = {
			isa = PBXGroup;
			children = (
				067724A72B51E32800E3A41B /* InputView.swift */,
				06B41A2A2B530AEA00211751 /* MessageView.swift */,
				068393FE2B540084003A67F8 /* ChatHeaderView.swift */,
				061994A22B5416C700DD19EE /* BannerView.swift */,
			);
			path = subViews;
			sourceTree = "<group>";
		};
		067724AD2B51E84B00E3A41B /* buttons */ = {
			isa = PBXGroup;
			children = (
				067724AE2B51E86100E3A41B /* BouncingButtonStyle.swift */,
				067724B02B51E89B00E3A41B /* IconCircularAppButton.swift */,
				06B41A232B52FAA800211751 /* AppButton.swift */,
			);
			path = buttons;
			sourceTree = "<group>";
		};
		068393FB2B53FE8E003A67F8 /* date */ = {
			isa = PBXGroup;
			children = (
				068393FC2B53FE98003A67F8 /* Date+String.swift */,
			);
			path = date;
			sourceTree = "<group>";
		};
		06863D982B57408B000F55EF /* navigation */ = {
			isa = PBXGroup;
			children = (
				06863D992B5740A0000F55EF /* Factory.swift */,
				06863D9B2B5740B1000F55EF /* NavigationCoordinator.swift */,
				06863D9E2B5740D4000F55EF /* NavigationWrapperView.swift */,
			);
			path = navigation;
			sourceTree = "<group>";
		};
		06890F512B59B990005FE523 /* alerts */ = {
			isa = PBXGroup;
			children = (
				06890F522B59B99A005FE523 /* CreateRoomAlertView.swift */,
				06890F572B59BD11005FE523 /* LogoutAlertView.swift */,
			);
			path = alerts;
			sourceTree = "<group>";
		};
		06890F542B59BAEE005FE523 /* generic */ = {
			isa = PBXGroup;
			children = (
				06890F552B59BAFA005FE523 /* AnimatedBorderView.swift */,
			);
			path = generic;
			sourceTree = "<group>";
		};
		068983F82B55D63B007C8CA7 /* rooms */ = {
			isa = PBXGroup;
			children = (
				068984062B55DBED007C8CA7 /* subViews */,
				068983F92B55D67B007C8CA7 /* RoomsSceneView.swift */,
				068983FB2B55D6AC007C8CA7 /* RoomsScenePresenter.swift */,
				068983FD2B55D6F0007C8CA7 /* RoomsSceneFactory.swift */,
				06863DA22B5745DE000F55EF /* RoomsSceneRouter.swift */,
			);
			path = rooms;
			sourceTree = "<group>";
		};
		068983FF2B55DB36007C8CA7 /* distributor */ = {
			isa = PBXGroup;
			children = (
				068984002B55DB4B007C8CA7 /* DistributorProtocol.swift */,
				068984022B55DB62007C8CA7 /* HiveDistributor.swift */,
			);
			path = distributor;
			sourceTree = "<group>";
		};
		068984062B55DBED007C8CA7 /* subViews */ = {
			isa = PBXGroup;
			children = (
				068984042B55DBDA007C8CA7 /* HiveView.swift */,
				068984072B55DC33007C8CA7 /* RoomCellView.swift */,
			);
			path = subViews;
			sourceTree = "<group>";
		};
		06B419F32B52B0AC00211751 /* access */ = {
			isa = PBXGroup;
			children = (
				06B41A092B52B85900211751 /* subViews */,
				06B419F42B52B0B800211751 /* AccessSceneView.swift */,
				06B419F82B52B17300211751 /* AccessSceneInteractor.swift */,
				06B419F62B52B16A00211751 /* AccessScenePresenter.swift */,
				06B419FA2B52B18200211751 /* AccessSceneFactory.swift */,
				06863DA02B574315000F55EF /* AccessSceneRouter.swift */,
			);
			path = access;
			sourceTree = "<group>";
		};
		06B419FC2B52B2EB00211751 /* storage */ = {
			isa = PBXGroup;
			children = (
				06B419FD2B52B2FB00211751 /* StorageService.swift */,
			);
			path = storage;
			sourceTree = "<group>";
		};
		06B41A092B52B85900211751 /* subViews */ = {
			isa = PBXGroup;
			children = (
				06B41A0A2B52B87100211751 /* LogoView.swift */,
				06B41A212B52F3DF00211751 /* FieldView.swift */,
			);
			path = subViews;
			sourceTree = "<group>";
		};
		06B41A0C2B52B88900211751 /* shapes */ = {
			isa = PBXGroup;
			children = (
				06B41A0D2B52B89700211751 /* NgonShape.swift */,
			);
			path = shapes;
			sourceTree = "<group>";
		};
		06B41A0F2B52B8AC00211751 /* graphics */ = {
			isa = PBXGroup;
			children = (
				06B41A102B52B8CC00211751 /* CoreGraphics+Operators.swift */,
				06B41A122B52BB3800211751 /* CoreGraphics+Init.swift */,
			);
			path = graphics;
			sourceTree = "<group>";
		};
		06B41A142B52BB5800211751 /* view */ = {
			isa = PBXGroup;
			children = (
				06B41A152B52BB6800211751 /* View+Frame.swift */,
				06B41A1F2B52F1C900211751 /* View+TextStyle.swift */,
			);
			path = view;
			sourceTree = "<group>";
		};
		06B41A182B52F15E00211751 /* montserrat */ = {
			isa = PBXGroup;
			children = (
				06B41A192B52F15E00211751 /* Montserrat.ttf */,
			);
			path = montserrat;
			sourceTree = "<group>";
		};
		06B41A1C2B52F17B00211751 /* enums */ = {
			isa = PBXGroup;
			children = (
				06B41A1D2B52F18B00211751 /* TextStyle.swift */,
			);
			path = enums;
			sourceTree = "<group>";
		};
		06B41A2C2B530CB300211751 /* array */ = {
			isa = PBXGroup;
			children = (
				06B41A2D2B530CBE00211751 /* Array+Subscript.swift */,
			);
			path = array;
			sourceTree = "<group>";
		};
		06B41A302B53144C00211751 /* string */ = {
			isa = PBXGroup;
			children = (
				06B41A312B53145600211751 /* String+Number.swift */,
			);
			path = string;
			sourceTree = "<group>";
		};
		06B41A332B5314B800211751 /* extensions */ = {
			isa = PBXGroup;
			children = (
				06B41A342B5314BF00211751 /* strings */,
			);
			path = extensions;
			sourceTree = "<group>";
		};
		06B41A342B5314BF00211751 /* strings */ = {
			isa = PBXGroup;
			children = (
				06B41A352B5314D000211751 /* StringExtensionsTests.swift */,
			);
			path = strings;
			sourceTree = "<group>";
		};
		06B41A372B53169400211751 /* constants */ = {
			isa = PBXGroup;
			children = (
				06B41A382B53169E00211751 /* UIConstants.swift */,
			);
			path = constants;
			sourceTree = "<group>";
		};
		06B41A3A2B53209700211751 /* images */ = {
			isa = PBXGroup;
			children = (
				06B41A3B2B5320A100211751 /* CacheAsyncImage.swift */,
				06B41A3D2B5320D300211751 /* GravatarView.swift */,
			);
			path = images;
			sourceTree = "<group>";
		};
		06C713122B5200CC00FE2715 /* aliases */ = {
			isa = PBXGroup;
			children = (
				06C713132B5200D800FE2715 /* Callbacks+Aliases.swift */,
				061994A92B54240500DD19EE /* Publishers+Aliases.swift */,
			);
			path = aliases;
			sourceTree = "<group>";
		};
		06C7131A2B5207F900FE2715 /* SocketsTests */ = {
			isa = PBXGroup;
			children = (
				06C713222B52080000FE2715 /* core */,
			);
			path = SocketsTests;
			sourceTree = "<group>";
		};
		06C713222B52080000FE2715 /* core */ = {
			isa = PBXGroup;
			children = (
				06C713232B52080F00FE2715 /* utils */,
			);
			path = core;
			sourceTree = "<group>";
		};
		06C713232B52080F00FE2715 /* utils */ = {
			isa = PBXGroup;
			children = (
				06B41A332B5314B800211751 /* extensions */,
				06C713242B52081400FE2715 /* services */,
			);
			path = utils;
			sourceTree = "<group>";
		};
		06C713242B52081400FE2715 /* services */ = {
			isa = PBXGroup;
			children = (
				06C713252B52082500FE2715 /* encryption */,
			);
			path = services;
			sourceTree = "<group>";
		};
		06C713252B52082500FE2715 /* encryption */ = {
			isa = PBXGroup;
			children = (
				06C713262B52083400FE2715 /* EncryptionTests.swift */,
			);
			path = encryption;
			sourceTree = "<group>";
		};
/* End PBXGroup section */

/* Begin PBXNativeTarget section */
		067724572B51BBB900E3A41B /* Sockets */ = {
			isa = PBXNativeTarget;
			buildConfigurationList = 067724672B51BBBB00E3A41B /* Build configuration list for PBXNativeTarget "Sockets" */;
			buildPhases = (
				06B41A032B52B5A100211751 /* SwiftGen */,
				067724542B51BBB900E3A41B /* Sources */,
				067724552B51BBB900E3A41B /* Frameworks */,
				067724562B51BBB900E3A41B /* Resources */,
			);
			buildRules = (
			);
			dependencies = (
			);
			name = Sockets;
			packageProductDependencies = (
				0677247B2B51BD8900E3A41B /* Starscream */,
				067724862B51D68000E3A41B /* CryptoSwift */,
				06B41A262B52FE4E00211751 /* KeychainSwift */,
			);
			productName = Sockets;
			productReference = 067724582B51BBB900E3A41B /* Sockets.app */;
			productType = "com.apple.product-type.application";
		};
		06C713182B5207F900FE2715 /* SocketsTests */ = {
			isa = PBXNativeTarget;
			buildConfigurationList = 06C7131F2B5207F900FE2715 /* Build configuration list for PBXNativeTarget "SocketsTests" */;
			buildPhases = (
				06C713152B5207F900FE2715 /* Sources */,
				06C713162B5207F900FE2715 /* Frameworks */,
				06C713172B5207F900FE2715 /* Resources */,
			);
			buildRules = (
			);
			dependencies = (
				06C7131E2B5207F900FE2715 /* PBXTargetDependency */,
			);
			name = SocketsTests;
			productName = SocketsTests;
			productReference = 06C713192B5207F900FE2715 /* SocketsTests.xctest */;
			productType = "com.apple.product-type.bundle.unit-test";
		};
/* End PBXNativeTarget section */

/* Begin PBXProject section */
		067724502B51BBB900E3A41B /* Project object */ = {
			isa = PBXProject;
			attributes = {
				BuildIndependentTargetsInParallel = 1;
				LastSwiftUpdateCheck = 1500;
				LastUpgradeCheck = 1500;
				TargetAttributes = {
					067724572B51BBB900E3A41B = {
						CreatedOnToolsVersion = 15.0.1;
					};
					06C713182B5207F900FE2715 = {
						CreatedOnToolsVersion = 15.0.1;
						TestTargetID = 067724572B51BBB900E3A41B;
					};
				};
			};
			buildConfigurationList = 067724532B51BBB900E3A41B /* Build configuration list for PBXProject "Sockets" */;
			compatibilityVersion = "Xcode 14.0";
			developmentRegion = en;
			hasScannedForEncodings = 0;
			knownRegions = (
				en,
				Base,
			);
			mainGroup = 0677244F2B51BBB900E3A41B;
			packageReferences = (
				0677247A2B51BD8900E3A41B /* XCRemoteSwiftPackageReference "Starscream" */,
				067724852B51D67F00E3A41B /* XCRemoteSwiftPackageReference "CryptoSwift" */,
				06B41A252B52FE4E00211751 /* XCRemoteSwiftPackageReference "keychain-swift" */,
			);
			productRefGroup = 067724592B51BBB900E3A41B /* Products */;
			projectDirPath = "";
			projectRoot = "";
			targets = (
				067724572B51BBB900E3A41B /* Sockets */,
				06C713182B5207F900FE2715 /* SocketsTests */,
			);
		};
/* End PBXProject section */

/* Begin PBXResourcesBuildPhase section */
		067724562B51BBB900E3A41B /* Resources */ = {
			isa = PBXResourcesBuildPhase;
			buildActionMask = 2147483647;
			files = (
				067724A52B51E20300E3A41B /* ColorScheme.xcassets in Resources */,
				067724642B51BBBB00E3A41B /* Preview Assets.xcassets in Resources */,
				067724AC2B51E7DA00E3A41B /* Icons.xcassets in Resources */,
				067724602B51BBBB00E3A41B /* Assets.xcassets in Resources */,
				06B41A062B52B7BB00211751 /* Localizables.strings in Resources */,
				06B41A1B2B52F15E00211751 /* Montserrat.ttf in Resources */,
			);
			runOnlyForDeploymentPostprocessing = 0;
		};
		06C713172B5207F900FE2715 /* Resources */ = {
			isa = PBXResourcesBuildPhase;
			buildActionMask = 2147483647;
			files = (
			);
			runOnlyForDeploymentPostprocessing = 0;
		};
/* End PBXResourcesBuildPhase section */

/* Begin PBXShellScriptBuildPhase section */
		06B41A032B52B5A100211751 /* SwiftGen */ = {
			isa = PBXShellScriptBuildPhase;
			buildActionMask = 2147483647;
			files = (
			);
			inputFileListPaths = (
			);
			inputPaths = (
			);
			name = SwiftGen;
			outputFileListPaths = (
			);
			outputPaths = (
			);
			runOnlyForDeploymentPostprocessing = 0;
			shellPath = /bin/sh;
			shellScript = "export PATH=\"$PATH:/opt/homebrew/bin\"\n\nif which swiftgen; then\n    swiftgen\nelse\n  echo \"error: SwiftGen not installed, run 'brew install swiftgen'\"\nfi\n";
		};
/* End PBXShellScriptBuildPhase section */

/* Begin PBXSourcesBuildPhase section */
		067724542B51BBB900E3A41B /* Sources */ = {
			isa = PBXSourcesBuildPhase;
			buildActionMask = 2147483647;
			files = (
				06B41A242B52FAA800211751 /* AppButton.swift in Sources */,
				068393FD2B53FE98003A67F8 /* Date+String.swift in Sources */,
				06B41A1E2B52F18B00211751 /* TextStyle.swift in Sources */,
				06863DA52B574709000F55EF /* ChatSceneRouter.swift in Sources */,
				067724AB2B51E7DA00E3A41B /* Icons.swift in Sources */,
				067724B12B51E89B00E3A41B /* IconCircularAppButton.swift in Sources */,
				06863DA12B574315000F55EF /* AccessSceneRouter.swift in Sources */,
				0677249C2B51E14600E3A41B /* KeyboardPushedModifier.swift in Sources */,
				06C713142B5200D800FE2715 /* Callbacks+Aliases.swift in Sources */,
				06B41A2E2B530CBE00211751 /* Array+Subscript.swift in Sources */,
				067724A82B51E32800E3A41B /* InputView.swift in Sources */,
				068984012B55DB4B007C8CA7 /* DistributorProtocol.swift in Sources */,
				067724892B51DA7100E3A41B /* EncryptionService.swift in Sources */,
				06B419F72B52B16A00211751 /* AccessScenePresenter.swift in Sources */,
				061994A32B5416C700DD19EE /* BannerView.swift in Sources */,
				0677248E2B51DAFB00E3A41B /* ChatScenePresenter.swift in Sources */,
				06B41A222B52F3DF00211751 /* FieldView.swift in Sources */,
				06B41A162B52BB6800211751 /* View+Frame.swift in Sources */,
				06863D9F2B5740D4000F55EF /* NavigationWrapperView.swift in Sources */,
				06B41A392B53169E00211751 /* UIConstants.swift in Sources */,
				061994A52B5417B700DD19EE /* RoomModel.swift in Sources */,
				06B41A1A2B52F15E00211751 /* Fonts.swift in Sources */,
				068984032B55DB62007C8CA7 /* HiveDistributor.swift in Sources */,
				061994AC2B54246D00DD19EE /* FeedbackSystem.swift in Sources */,
				067724812B51D20A00E3A41B /* Encodable+Dict.swift in Sources */,
				06890F532B59B99A005FE523 /* CreateRoomAlertView.swift in Sources */,
				068984052B55DBDA007C8CA7 /* HiveView.swift in Sources */,
				06890F582B59BD11005FE523 /* LogoutAlertView.swift in Sources */,
				06890F562B59BAFA005FE523 /* AnimatedBorderView.swift in Sources */,
				06B419FE2B52B2FB00211751 /* StorageService.swift in Sources */,
				06863D9A2B5740A0000F55EF /* Factory.swift in Sources */,
				06B41A202B52F1C900211751 /* View+TextStyle.swift in Sources */,
				0677245C2B51BBB900E3A41B /* SocketsApp.swift in Sources */,
				067724AF2B51E86100E3A41B /* BouncingButtonStyle.swift in Sources */,
				068983FA2B55D67B007C8CA7 /* RoomsSceneView.swift in Sources */,
				06B41A3C2B5320A100211751 /* CacheAsyncImage.swift in Sources */,
				06B41A132B52BB3800211751 /* CoreGraphics+Init.swift in Sources */,
				06B41A2B2B530AEA00211751 /* MessageView.swift in Sources */,
				067724922B51DB3700E3A41B /* ChatSceneFactory.swift in Sources */,
				06B41A0B2B52B87100211751 /* LogoView.swift in Sources */,
				06863D9C2B5740B1000F55EF /* NavigationCoordinator.swift in Sources */,
				068983FE2B55D6F0007C8CA7 /* RoomsSceneFactory.swift in Sources */,
				067724902B51DB1800E3A41B /* ChatSceneInteractor.swift in Sources */,
				06863DA32B5745DE000F55EF /* RoomsSceneRouter.swift in Sources */,
				068983FC2B55D6AD007C8CA7 /* RoomsScenePresenter.swift in Sources */,
				06B419F92B52B17300211751 /* AccessSceneInteractor.swift in Sources */,
				067724962B51DBE100E3A41B /* SocketsService.swift in Sources */,
				061994A82B541D2500DD19EE /* FeedbackViewModifier.swift in Sources */,
				068984082B55DC33007C8CA7 /* RoomCellView.swift in Sources */,
				06B41A112B52B8CC00211751 /* CoreGraphics+Operators.swift in Sources */,
				06B41A322B53145600211751 /* String+Number.swift in Sources */,
				06B419FB2B52B18200211751 /* AccessSceneFactory.swift in Sources */,
				061994AA2B54240500DD19EE /* Publishers+Aliases.swift in Sources */,
				067724842B51D25300E3A41B /* MessageModel.swift in Sources */,
				068393FF2B540084003A67F8 /* ChatHeaderView.swift in Sources */,
				06B41A3E2B5320D300211751 /* GravatarView.swift in Sources */,
				067724992B51E0DD00E3A41B /* AppEvents.swift in Sources */,
				06B41A002B52B55000211751 /* Localizables.swift in Sources */,
				06B41A0E2B52B89700211751 /* NgonShape.swift in Sources */,
				0677248C2B51DADD00E3A41B /* ChatSceneView.swift in Sources */,
				067724942B51DBBB00E3A41B /* ServicesInjector.swift in Sources */,
				06B41A292B52FE9900211751 /* SessionModel.swift in Sources */,
				06B419F52B52B0B800211751 /* AccessSceneView.swift in Sources */,
			);
			runOnlyForDeploymentPostprocessing = 0;
		};
		06C713152B5207F900FE2715 /* Sources */ = {
			isa = PBXSourcesBuildPhase;
			buildActionMask = 2147483647;
			files = (
				06B41A362B5314D000211751 /* StringExtensionsTests.swift in Sources */,
				06C713272B52083400FE2715 /* EncryptionTests.swift in Sources */,
			);
			runOnlyForDeploymentPostprocessing = 0;
		};
/* End PBXSourcesBuildPhase section */

/* Begin PBXTargetDependency section */
		06C7131E2B5207F900FE2715 /* PBXTargetDependency */ = {
			isa = PBXTargetDependency;
			target = 067724572B51BBB900E3A41B /* Sockets */;
			targetProxy = 06C7131D2B5207F900FE2715 /* PBXContainerItemProxy */;
		};
/* End PBXTargetDependency section */

/* Begin PBXVariantGroup section */
		06B41A082B52B7BB00211751 /* Localizables.strings */ = {
			isa = PBXVariantGroup;
			children = (
				06B41A072B52B7BB00211751 /* en */,
			);
			name = Localizables.strings;
			sourceTree = "<group>";
		};
/* End PBXVariantGroup section */

/* Begin XCBuildConfiguration section */
		067724652B51BBBB00E3A41B /* Debug */ = {
			isa = XCBuildConfiguration;
			buildSettings = {
				ALWAYS_SEARCH_USER_PATHS = NO;
				ASSETCATALOG_COMPILER_GENERATE_SWIFT_ASSET_SYMBOL_EXTENSIONS = YES;
				CLANG_ANALYZER_NONNULL = YES;
				CLANG_ANALYZER_NUMBER_OBJECT_CONVERSION = YES_AGGRESSIVE;
				CLANG_CXX_LANGUAGE_STANDARD = "gnu++20";
				CLANG_ENABLE_MODULES = YES;
				CLANG_ENABLE_OBJC_ARC = YES;
				CLANG_ENABLE_OBJC_WEAK = YES;
				CLANG_WARN_BLOCK_CAPTURE_AUTORELEASING = YES;
				CLANG_WARN_BOOL_CONVERSION = YES;
				CLANG_WARN_COMMA = YES;
				CLANG_WARN_CONSTANT_CONVERSION = YES;
				CLANG_WARN_DEPRECATED_OBJC_IMPLEMENTATIONS = YES;
				CLANG_WARN_DIRECT_OBJC_ISA_USAGE = YES_ERROR;
				CLANG_WARN_DOCUMENTATION_COMMENTS = YES;
				CLANG_WARN_EMPTY_BODY = YES;
				CLANG_WARN_ENUM_CONVERSION = YES;
				CLANG_WARN_INFINITE_RECURSION = YES;
				CLANG_WARN_INT_CONVERSION = YES;
				CLANG_WARN_NON_LITERAL_NULL_CONVERSION = YES;
				CLANG_WARN_OBJC_IMPLICIT_RETAIN_SELF = YES;
				CLANG_WARN_OBJC_LITERAL_CONVERSION = YES;
				CLANG_WARN_OBJC_ROOT_CLASS = YES_ERROR;
				CLANG_WARN_QUOTED_INCLUDE_IN_FRAMEWORK_HEADER = YES;
				CLANG_WARN_RANGE_LOOP_ANALYSIS = YES;
				CLANG_WARN_STRICT_PROTOTYPES = YES;
				CLANG_WARN_SUSPICIOUS_MOVE = YES;
				CLANG_WARN_UNGUARDED_AVAILABILITY = YES_AGGRESSIVE;
				CLANG_WARN_UNREACHABLE_CODE = YES;
				CLANG_WARN__DUPLICATE_METHOD_MATCH = YES;
				COPY_PHASE_STRIP = NO;
				DEBUG_INFORMATION_FORMAT = dwarf;
				ENABLE_STRICT_OBJC_MSGSEND = YES;
				ENABLE_TESTABILITY = YES;
				ENABLE_USER_SCRIPT_SANDBOXING = YES;
				GCC_C_LANGUAGE_STANDARD = gnu17;
				GCC_DYNAMIC_NO_PIC = NO;
				GCC_NO_COMMON_BLOCKS = YES;
				GCC_OPTIMIZATION_LEVEL = 0;
				GCC_PREPROCESSOR_DEFINITIONS = (
					"DEBUG=1",
					"$(inherited)",
				);
				GCC_WARN_64_TO_32_BIT_CONVERSION = YES;
				GCC_WARN_ABOUT_RETURN_TYPE = YES_ERROR;
				GCC_WARN_UNDECLARED_SELECTOR = YES;
				GCC_WARN_UNINITIALIZED_AUTOS = YES_AGGRESSIVE;
				GCC_WARN_UNUSED_FUNCTION = YES;
				GCC_WARN_UNUSED_VARIABLE = YES;
				LOCALIZATION_PREFERS_STRING_CATALOGS = YES;
				MTL_ENABLE_DEBUG_INFO = INCLUDE_SOURCE;
				MTL_FAST_MATH = YES;
				ONLY_ACTIVE_ARCH = YES;
				SWIFT_ACTIVE_COMPILATION_CONDITIONS = "DEBUG $(inherited)";
				SWIFT_OPTIMIZATION_LEVEL = "-Onone";
			};
			name = Debug;
		};
		067724662B51BBBB00E3A41B /* Release */ = {
			isa = XCBuildConfiguration;
			buildSettings = {
				ALWAYS_SEARCH_USER_PATHS = NO;
				ASSETCATALOG_COMPILER_GENERATE_SWIFT_ASSET_SYMBOL_EXTENSIONS = YES;
				CLANG_ANALYZER_NONNULL = YES;
				CLANG_ANALYZER_NUMBER_OBJECT_CONVERSION = YES_AGGRESSIVE;
				CLANG_CXX_LANGUAGE_STANDARD = "gnu++20";
				CLANG_ENABLE_MODULES = YES;
				CLANG_ENABLE_OBJC_ARC = YES;
				CLANG_ENABLE_OBJC_WEAK = YES;
				CLANG_WARN_BLOCK_CAPTURE_AUTORELEASING = YES;
				CLANG_WARN_BOOL_CONVERSION = YES;
				CLANG_WARN_COMMA = YES;
				CLANG_WARN_CONSTANT_CONVERSION = YES;
				CLANG_WARN_DEPRECATED_OBJC_IMPLEMENTATIONS = YES;
				CLANG_WARN_DIRECT_OBJC_ISA_USAGE = YES_ERROR;
				CLANG_WARN_DOCUMENTATION_COMMENTS = YES;
				CLANG_WARN_EMPTY_BODY = YES;
				CLANG_WARN_ENUM_CONVERSION = YES;
				CLANG_WARN_INFINITE_RECURSION = YES;
				CLANG_WARN_INT_CONVERSION = YES;
				CLANG_WARN_NON_LITERAL_NULL_CONVERSION = YES;
				CLANG_WARN_OBJC_IMPLICIT_RETAIN_SELF = YES;
				CLANG_WARN_OBJC_LITERAL_CONVERSION = YES;
				CLANG_WARN_OBJC_ROOT_CLASS = YES_ERROR;
				CLANG_WARN_QUOTED_INCLUDE_IN_FRAMEWORK_HEADER = YES;
				CLANG_WARN_RANGE_LOOP_ANALYSIS = YES;
				CLANG_WARN_STRICT_PROTOTYPES = YES;
				CLANG_WARN_SUSPICIOUS_MOVE = YES;
				CLANG_WARN_UNGUARDED_AVAILABILITY = YES_AGGRESSIVE;
				CLANG_WARN_UNREACHABLE_CODE = YES;
				CLANG_WARN__DUPLICATE_METHOD_MATCH = YES;
				COPY_PHASE_STRIP = NO;
				DEBUG_INFORMATION_FORMAT = "dwarf-with-dsym";
				ENABLE_NS_ASSERTIONS = NO;
				ENABLE_STRICT_OBJC_MSGSEND = YES;
				ENABLE_USER_SCRIPT_SANDBOXING = YES;
				GCC_C_LANGUAGE_STANDARD = gnu17;
				GCC_NO_COMMON_BLOCKS = YES;
				GCC_WARN_64_TO_32_BIT_CONVERSION = YES;
				GCC_WARN_ABOUT_RETURN_TYPE = YES_ERROR;
				GCC_WARN_UNDECLARED_SELECTOR = YES;
				GCC_WARN_UNINITIALIZED_AUTOS = YES_AGGRESSIVE;
				GCC_WARN_UNUSED_FUNCTION = YES;
				GCC_WARN_UNUSED_VARIABLE = YES;
				LOCALIZATION_PREFERS_STRING_CATALOGS = YES;
				MTL_ENABLE_DEBUG_INFO = NO;
				MTL_FAST_MATH = YES;
				SWIFT_COMPILATION_MODE = wholemodule;
			};
			name = Release;
		};
		067724682B51BBBB00E3A41B /* Debug */ = {
			isa = XCBuildConfiguration;
			buildSettings = {
				ASSETCATALOG_COMPILER_APPICON_NAME = AppIcon;
				ASSETCATALOG_COMPILER_GLOBAL_ACCENT_COLOR_NAME = AccentColor;
				CODE_SIGN_ENTITLEMENTS = Sockets/Sockets.entitlements;
				CODE_SIGN_STYLE = Automatic;
				CURRENT_PROJECT_VERSION = 1;
				DEVELOPMENT_ASSET_PATHS = "\"Sockets/Preview Content\"";
				DEVELOPMENT_TEAM = Q8FQP27R5R;
				ENABLE_HARDENED_RUNTIME = YES;
				ENABLE_PREVIEWS = YES;
				ENABLE_USER_SCRIPT_SANDBOXING = NO;
				GENERATE_INFOPLIST_FILE = YES;
				INFOPLIST_FILE = Sockets/Info.plist;
				"INFOPLIST_KEY_UIApplicationSceneManifest_Generation[sdk=iphoneos*]" = YES;
				"INFOPLIST_KEY_UIApplicationSceneManifest_Generation[sdk=iphonesimulator*]" = YES;
				"INFOPLIST_KEY_UIApplicationSupportsIndirectInputEvents[sdk=iphoneos*]" = YES;
				"INFOPLIST_KEY_UIApplicationSupportsIndirectInputEvents[sdk=iphonesimulator*]" = YES;
				"INFOPLIST_KEY_UILaunchScreen_Generation[sdk=iphoneos*]" = YES;
				"INFOPLIST_KEY_UILaunchScreen_Generation[sdk=iphonesimulator*]" = YES;
				"INFOPLIST_KEY_UIStatusBarStyle[sdk=iphoneos*]" = UIStatusBarStyleDefault;
				"INFOPLIST_KEY_UIStatusBarStyle[sdk=iphonesimulator*]" = UIStatusBarStyleDefault;
				INFOPLIST_KEY_UISupportedInterfaceOrientations_iPad = "UIInterfaceOrientationPortrait UIInterfaceOrientationPortraitUpsideDown UIInterfaceOrientationLandscapeLeft UIInterfaceOrientationLandscapeRight";
				INFOPLIST_KEY_UISupportedInterfaceOrientations_iPhone = "UIInterfaceOrientationPortrait UIInterfaceOrientationLandscapeLeft UIInterfaceOrientationLandscapeRight";
				IPHONEOS_DEPLOYMENT_TARGET = 17.0;
				LD_RUNPATH_SEARCH_PATHS = "@executable_path/Frameworks";
				"LD_RUNPATH_SEARCH_PATHS[sdk=macosx*]" = "@executable_path/../Frameworks";
				MACOSX_DEPLOYMENT_TARGET = 14.0;
				MARKETING_VERSION = 1.0;
				PRODUCT_BUNDLE_IDENTIFIER = mrk.portal.socket;
				PRODUCT_NAME = "$(TARGET_NAME)";
				SDKROOT = auto;
				SUPPORTED_PLATFORMS = "iphoneos iphonesimulator";
				SUPPORTS_MACCATALYST = NO;
				SWIFT_EMIT_LOC_STRINGS = YES;
				SWIFT_VERSION = 5.0;
				TARGETED_DEVICE_FAMILY = "1,2";
			};
			name = Debug;
		};
		067724692B51BBBB00E3A41B /* Release */ = {
			isa = XCBuildConfiguration;
			buildSettings = {
				ASSETCATALOG_COMPILER_APPICON_NAME = AppIcon;
				ASSETCATALOG_COMPILER_GLOBAL_ACCENT_COLOR_NAME = AccentColor;
				CODE_SIGN_ENTITLEMENTS = Sockets/Sockets.entitlements;
				CODE_SIGN_STYLE = Automatic;
				CURRENT_PROJECT_VERSION = 1;
				DEVELOPMENT_ASSET_PATHS = "\"Sockets/Preview Content\"";
				DEVELOPMENT_TEAM = Q8FQP27R5R;
				ENABLE_HARDENED_RUNTIME = YES;
				ENABLE_PREVIEWS = YES;
				ENABLE_USER_SCRIPT_SANDBOXING = NO;
				GENERATE_INFOPLIST_FILE = YES;
				INFOPLIST_FILE = Sockets/Info.plist;
				"INFOPLIST_KEY_UIApplicationSceneManifest_Generation[sdk=iphoneos*]" = YES;
				"INFOPLIST_KEY_UIApplicationSceneManifest_Generation[sdk=iphonesimulator*]" = YES;
				"INFOPLIST_KEY_UIApplicationSupportsIndirectInputEvents[sdk=iphoneos*]" = YES;
				"INFOPLIST_KEY_UIApplicationSupportsIndirectInputEvents[sdk=iphonesimulator*]" = YES;
				"INFOPLIST_KEY_UILaunchScreen_Generation[sdk=iphoneos*]" = YES;
				"INFOPLIST_KEY_UILaunchScreen_Generation[sdk=iphonesimulator*]" = YES;
				"INFOPLIST_KEY_UIStatusBarStyle[sdk=iphoneos*]" = UIStatusBarStyleDefault;
				"INFOPLIST_KEY_UIStatusBarStyle[sdk=iphonesimulator*]" = UIStatusBarStyleDefault;
				INFOPLIST_KEY_UISupportedInterfaceOrientations_iPad = "UIInterfaceOrientationPortrait UIInterfaceOrientationPortraitUpsideDown UIInterfaceOrientationLandscapeLeft UIInterfaceOrientationLandscapeRight";
				INFOPLIST_KEY_UISupportedInterfaceOrientations_iPhone = "UIInterfaceOrientationPortrait UIInterfaceOrientationLandscapeLeft UIInterfaceOrientationLandscapeRight";
				IPHONEOS_DEPLOYMENT_TARGET = 17.0;
				LD_RUNPATH_SEARCH_PATHS = "@executable_path/Frameworks";
				"LD_RUNPATH_SEARCH_PATHS[sdk=macosx*]" = "@executable_path/../Frameworks";
				MACOSX_DEPLOYMENT_TARGET = 14.0;
				MARKETING_VERSION = 1.0;
				PRODUCT_BUNDLE_IDENTIFIER = mrk.portal.socket;
				PRODUCT_NAME = "$(TARGET_NAME)";
				SDKROOT = auto;
				SUPPORTED_PLATFORMS = "iphoneos iphonesimulator";
				SUPPORTS_MACCATALYST = NO;
				SWIFT_EMIT_LOC_STRINGS = YES;
				SWIFT_VERSION = 5.0;
				TARGETED_DEVICE_FAMILY = "1,2";
			};
			name = Release;
		};
		06C713202B5207F900FE2715 /* Debug */ = {
			isa = XCBuildConfiguration;
			buildSettings = {
				BUNDLE_LOADER = "$(TEST_HOST)";
				CODE_SIGN_STYLE = Automatic;
				CURRENT_PROJECT_VERSION = 1;
				DEVELOPMENT_TEAM = Q8FQP27R5R;
				GENERATE_INFOPLIST_FILE = YES;
				IPHONEOS_DEPLOYMENT_TARGET = 17.0;
				MARKETING_VERSION = 1.0;
				PRODUCT_BUNDLE_IDENTIFIER = mrk.portal.sockets.Tests;
				PRODUCT_NAME = "$(TARGET_NAME)";
				SDKROOT = iphoneos;
				SWIFT_EMIT_LOC_STRINGS = NO;
				SWIFT_VERSION = 5.0;
				TARGETED_DEVICE_FAMILY = "1,2";
				TEST_HOST = "$(BUILT_PRODUCTS_DIR)/Sockets.app/$(BUNDLE_EXECUTABLE_FOLDER_PATH)/Sockets";
			};
			name = Debug;
		};
		06C713212B5207F900FE2715 /* Release */ = {
			isa = XCBuildConfiguration;
			buildSettings = {
				BUNDLE_LOADER = "$(TEST_HOST)";
				CODE_SIGN_STYLE = Automatic;
				CURRENT_PROJECT_VERSION = 1;
				DEVELOPMENT_TEAM = Q8FQP27R5R;
				GENERATE_INFOPLIST_FILE = YES;
				IPHONEOS_DEPLOYMENT_TARGET = 17.0;
				MARKETING_VERSION = 1.0;
				PRODUCT_BUNDLE_IDENTIFIER = mrk.portal.sockets.Tests;
				PRODUCT_NAME = "$(TARGET_NAME)";
				SDKROOT = iphoneos;
				SWIFT_EMIT_LOC_STRINGS = NO;
				SWIFT_VERSION = 5.0;
				TARGETED_DEVICE_FAMILY = "1,2";
				TEST_HOST = "$(BUILT_PRODUCTS_DIR)/Sockets.app/$(BUNDLE_EXECUTABLE_FOLDER_PATH)/Sockets";
				VALIDATE_PRODUCT = YES;
			};
			name = Release;
		};
/* End XCBuildConfiguration section */

/* Begin XCConfigurationList section */
		067724532B51BBB900E3A41B /* Build configuration list for PBXProject "Sockets" */ = {
			isa = XCConfigurationList;
			buildConfigurations = (
				067724652B51BBBB00E3A41B /* Debug */,
				067724662B51BBBB00E3A41B /* Release */,
			);
			defaultConfigurationIsVisible = 0;
			defaultConfigurationName = Release;
		};
		067724672B51BBBB00E3A41B /* Build configuration list for PBXNativeTarget "Sockets" */ = {
			isa = XCConfigurationList;
			buildConfigurations = (
				067724682B51BBBB00E3A41B /* Debug */,
				067724692B51BBBB00E3A41B /* Release */,
			);
			defaultConfigurationIsVisible = 0;
			defaultConfigurationName = Release;
		};
		06C7131F2B5207F900FE2715 /* Build configuration list for PBXNativeTarget "SocketsTests" */ = {
			isa = XCConfigurationList;
			buildConfigurations = (
				06C713202B5207F900FE2715 /* Debug */,
				06C713212B5207F900FE2715 /* Release */,
			);
			defaultConfigurationIsVisible = 0;
			defaultConfigurationName = Release;
		};
/* End XCConfigurationList section */

/* Begin XCRemoteSwiftPackageReference section */
		0677247A2B51BD8900E3A41B /* XCRemoteSwiftPackageReference "Starscream" */ = {
			isa = XCRemoteSwiftPackageReference;
			repositoryURL = "https://github.com/daltoniam/Starscream";
			requirement = {
				kind = upToNextMajorVersion;
				minimumVersion = 4.0.6;
			};
		};
		067724852B51D67F00E3A41B /* XCRemoteSwiftPackageReference "CryptoSwift" */ = {
			isa = XCRemoteSwiftPackageReference;
			repositoryURL = "https://github.com/krzyzanowskim/CryptoSwift";
			requirement = {
				kind = upToNextMajorVersion;
				minimumVersion = 1.8.1;
			};
		};
		06B41A252B52FE4E00211751 /* XCRemoteSwiftPackageReference "keychain-swift" */ = {
			isa = XCRemoteSwiftPackageReference;
			repositoryURL = "https://github.com/evgenyneu/keychain-swift";
			requirement = {
				kind = upToNextMajorVersion;
				minimumVersion = 20.0.0;
			};
		};
/* End XCRemoteSwiftPackageReference section */

/* Begin XCSwiftPackageProductDependency section */
		0677247B2B51BD8900E3A41B /* Starscream */ = {
			isa = XCSwiftPackageProductDependency;
			package = 0677247A2B51BD8900E3A41B /* XCRemoteSwiftPackageReference "Starscream" */;
			productName = Starscream;
		};
		067724862B51D68000E3A41B /* CryptoSwift */ = {
			isa = XCSwiftPackageProductDependency;
			package = 067724852B51D67F00E3A41B /* XCRemoteSwiftPackageReference "CryptoSwift" */;
			productName = CryptoSwift;
		};
		06B41A262B52FE4E00211751 /* KeychainSwift */ = {
			isa = XCSwiftPackageProductDependency;
			package = 06B41A252B52FE4E00211751 /* XCRemoteSwiftPackageReference "keychain-swift" */;
			productName = KeychainSwift;
		};
/* End XCSwiftPackageProductDependency section */
	};
	rootObject = 067724502B51BBB900E3A41B /* Project object */;
}
